// !$*UTF8*$!
{
	archiveVersion = 1;
	classes = {
	};
	objectVersion = 51;
	objects = {

/* Begin PBXBuildFile section */
		D646957927D67AE8C806FD6F /* libPods-password_package.a in Frameworks */ = {isa = PBXBuildFile; fileRef = 0270F482AFFA398E0F140246 /* libPods-password_package.a */; };
		F3253246243C969800BCEA3E /* SearchItemViewCell.m in Sources */ = {isa = PBXBuildFile; fileRef = F3253244243C969800BCEA3E /* SearchItemViewCell.m */; };
		F3253247243C969800BCEA3E /* SearchItemViewCell.xib in Resources */ = {isa = PBXBuildFile; fileRef = F3253245243C969800BCEA3E /* SearchItemViewCell.xib */; };
		F325325C243DB7DB00BCEA3E /* InputWebsiteViewController.m in Sources */ = {isa = PBXBuildFile; fileRef = F325325B243DB7DB00BCEA3E /* InputWebsiteViewController.m */; };
		F325325F243DB88200BCEA3E /* InputCartViewController.m in Sources */ = {isa = PBXBuildFile; fileRef = F325325E243DB88200BCEA3E /* InputCartViewController.m */; };
		F36359172435AF2300182C96 /* Utils.m in Sources */ = {isa = PBXBuildFile; fileRef = F36359162435AF2300182C96 /* Utils.m */; };
		F36359342435FA6C00182C96 /* LoginViewController.m in Sources */ = {isa = PBXBuildFile; fileRef = F36359322435FA6C00182C96 /* LoginViewController.m */; };
		F36359352435FA6C00182C96 /* LoginViewController.xib in Resources */ = {isa = PBXBuildFile; fileRef = F36359332435FA6C00182C96 /* LoginViewController.xib */; };
		F363594C2437493C00182C96 /* SearchItemViewController.m in Sources */ = {isa = PBXBuildFile; fileRef = F363594B2437493C00182C96 /* SearchItemViewController.m */; };
		F36359582437661300182C96 /* CreatePasswordViewController.m in Sources */ = {isa = PBXBuildFile; fileRef = F36359572437661300182C96 /* CreatePasswordViewController.m */; };
		F36A890324348C520003FF39 /* AppDelegate.m in Sources */ = {isa = PBXBuildFile; fileRef = F36A890224348C520003FF39 /* AppDelegate.m */; };
		F36A890624348C520003FF39 /* SceneDelegate.m in Sources */ = {isa = PBXBuildFile; fileRef = F36A890524348C520003FF39 /* SceneDelegate.m */; };
		F36A890924348C520003FF39 /* MainViewController.m in Sources */ = {isa = PBXBuildFile; fileRef = F36A890824348C520003FF39 /* MainViewController.m */; };
		F36A890C24348C520003FF39 /* Main.storyboard in Resources */ = {isa = PBXBuildFile; fileRef = F36A890A24348C520003FF39 /* Main.storyboard */; };
		F36A890E24348C550003FF39 /* Assets.xcassets in Resources */ = {isa = PBXBuildFile; fileRef = F36A890D24348C550003FF39 /* Assets.xcassets */; };
		F36A891124348C550003FF39 /* LaunchScreen.storyboard in Resources */ = {isa = PBXBuildFile; fileRef = F36A890F24348C550003FF39 /* LaunchScreen.storyboard */; };
		F36A891424348C550003FF39 /* main.m in Sources */ = {isa = PBXBuildFile; fileRef = F36A891324348C550003FF39 /* main.m */; };
		F3724ED52434B159009B054F /* PPDataManager.m in Sources */ = {isa = PBXBuildFile; fileRef = F3724ED42434B159009B054F /* PPDataManager.m */; };
		F372533A2434C162009B054F /* login.json in Resources */ = {isa = PBXBuildFile; fileRef = F3724ED72434C153009B054F /* login.json */; };
		F37257992434C5AC009B054F /* PPPasswordCreator.m in Sources */ = {isa = PBXBuildFile; fileRef = F37257982434C5AC009B054F /* PPPasswordCreator.m */; };
		F3725DEA243588DE009B054F /* website in Resources */ = {isa = PBXBuildFile; fileRef = F3725DE9243588DE009B054F /* website */; };
		F3725DF1243593A0009B054F /* PPWebsiteModel.m in Sources */ = {isa = PBXBuildFile; fileRef = F3725DF0243593A0009B054F /* PPWebsiteModel.m */; };
		F37A6F932445CE9E004EDF84 /* ShowWebSiteViewController.m in Sources */ = {isa = PBXBuildFile; fileRef = F37A6F922445CE9E004EDF84 /* ShowWebSiteViewController.m */; };
		F37A6F962445E321004EDF84 /* MainTabBarController.m in Sources */ = {isa = PBXBuildFile; fileRef = F37A6F952445E321004EDF84 /* MainTabBarController.m */; };
		F3C7F6B0243B430700F45EBD /* CSYGroupButtonView.m in Sources */ = {isa = PBXBuildFile; fileRef = F3C7F6AF243B430700F45EBD /* CSYGroupButtonView.m */; };
		F3C7F6E2243C469000F45EBD /* HWTopBarViewController.m in Sources */ = {isa = PBXBuildFile; fileRef = F3C7F6D5243C469000F45EBD /* HWTopBarViewController.m */; };
		F3C7F6E3243C469000F45EBD /* HWFullDialogViewController.m in Sources */ = {isa = PBXBuildFile; fileRef = F3C7F6D6243C469000F45EBD /* HWFullDialogViewController.m */; };
		F3C7F6E4243C469000F45EBD /* HWNavViewController.m in Sources */ = {isa = PBXBuildFile; fileRef = F3C7F6D7243C469000F45EBD /* HWNavViewController.m */; };
		F3C7F6E5243C469000F45EBD /* HWNavStackViewController.m in Sources */ = {isa = PBXBuildFile; fileRef = F3C7F6D8243C469000F45EBD /* HWNavStackViewController.m */; };
		F3C7F6E6243C469000F45EBD /* HWBottomAuthViewController.m in Sources */ = {isa = PBXBuildFile; fileRef = F3C7F6D9243C469000F45EBD /* HWBottomAuthViewController.m */; };
		F3C7F6E7243C469000F45EBD /* HWAutoSizeViewController.m in Sources */ = {isa = PBXBuildFile; fileRef = F3C7F6DB243C469000F45EBD /* HWAutoSizeViewController.m */; };
		F3C7F6E8243C469000F45EBD /* HWCenterViewController.m in Sources */ = {isa = PBXBuildFile; fileRef = F3C7F6E1243C469000F45EBD /* HWCenterViewController.m */; };
		F3C7F6F0243C46AA00F45EBD /* HWPickTypeViewController.m in Sources */ = {isa = PBXBuildFile; fileRef = F3C7F6EA243C46AA00F45EBD /* HWPickTypeViewController.m */; };
		F3C7F6F1243C46AA00F45EBD /* HWCatViewController.m in Sources */ = {isa = PBXBuildFile; fileRef = F3C7F6EB243C46AA00F45EBD /* HWCatViewController.m */; };
		F3C7F6F2243C46AA00F45EBD /* HWAnimationConfigListViewController.m in Sources */ = {isa = PBXBuildFile; fileRef = F3C7F6EC243C46AA00F45EBD /* HWAnimationConfigListViewController.m */; };
		F3C9D98A243FFB9900BAD7EA /* BankCardViewController.m in Sources */ = {isa = PBXBuildFile; fileRef = F3C9D989243FFB9900BAD7EA /* BankCardViewController.m */; };
		F3C9D98D2440237500BAD7EA /* PPBankCardModel.m in Sources */ = {isa = PBXBuildFile; fileRef = F3C9D98C2440237500BAD7EA /* PPBankCardModel.m */; };
		F3C9D99124404CA300BAD7EA /* BankCardViewCell.m in Sources */ = {isa = PBXBuildFile; fileRef = F3C9D98F24404CA300BAD7EA /* BankCardViewCell.m */; };
		F3C9D99224404CA300BAD7EA /* BankCardViewCell.xib in Resources */ = {isa = PBXBuildFile; fileRef = F3C9D99024404CA300BAD7EA /* BankCardViewCell.xib */; };
		F3D53B5E2440D98100D1B1A3 /* PresentWebsiteViewController.m in Sources */ = {isa = PBXBuildFile; fileRef = F3D53B5D2440D98100D1B1A3 /* PresentWebsiteViewController.m */; };
/* End PBXBuildFile section */

/* Begin PBXFileReference section */
		0270F482AFFA398E0F140246 /* libPods-password_package.a */ = {isa = PBXFileReference; explicitFileType = archive.ar; includeInIndex = 0; path = "libPods-password_package.a"; sourceTree = BUILT_PRODUCTS_DIR; };
		66714315A6FA835F3E139AAC /* Pods-password_package.release.xcconfig */ = {isa = PBXFileReference; includeInIndex = 1; lastKnownFileType = text.xcconfig; name = "Pods-password_package.release.xcconfig"; path = "Target Support Files/Pods-password_package/Pods-password_package.release.xcconfig"; sourceTree = "<group>"; };
		82E11F506ABBC2510A560921 /* Pods-password_package.debug.xcconfig */ = {isa = PBXFileReference; includeInIndex = 1; lastKnownFileType = text.xcconfig; name = "Pods-password_package.debug.xcconfig"; path = "Target Support Files/Pods-password_package/Pods-password_package.debug.xcconfig"; sourceTree = "<group>"; };
		F3253243243C969800BCEA3E /* SearchItemViewCell.h */ = {isa = PBXFileReference; lastKnownFileType = sourcecode.c.h; path = SearchItemViewCell.h; sourceTree = "<group>"; };
		F3253244243C969800BCEA3E /* SearchItemViewCell.m */ = {isa = PBXFileReference; lastKnownFileType = sourcecode.c.objc; path = SearchItemViewCell.m; sourceTree = "<group>"; };
		F3253245243C969800BCEA3E /* SearchItemViewCell.xib */ = {isa = PBXFileReference; lastKnownFileType = file.xib; path = SearchItemViewCell.xib; sourceTree = "<group>"; };
		F325325A243DB7DB00BCEA3E /* InputWebsiteViewController.h */ = {isa = PBXFileReference; lastKnownFileType = sourcecode.c.h; path = InputWebsiteViewController.h; sourceTree = "<group>"; };
		F325325B243DB7DB00BCEA3E /* InputWebsiteViewController.m */ = {isa = PBXFileReference; lastKnownFileType = sourcecode.c.objc; path = InputWebsiteViewController.m; sourceTree = "<group>"; };
		F325325D243DB88200BCEA3E /* InputCartViewController.h */ = {isa = PBXFileReference; lastKnownFileType = sourcecode.c.h; path = InputCartViewController.h; sourceTree = "<group>"; };
		F325325E243DB88200BCEA3E /* InputCartViewController.m */ = {isa = PBXFileReference; lastKnownFileType = sourcecode.c.objc; path = InputCartViewController.m; sourceTree = "<group>"; };
		F36359152435AF2300182C96 /* Utils.h */ = {isa = PBXFileReference; lastKnownFileType = sourcecode.c.h; path = Utils.h; sourceTree = "<group>"; };
		F36359162435AF2300182C96 /* Utils.m */ = {isa = PBXFileReference; lastKnownFileType = sourcecode.c.objc; path = Utils.m; sourceTree = "<group>"; };
		F36359312435FA6B00182C96 /* LoginViewController.h */ = {isa = PBXFileReference; lastKnownFileType = sourcecode.c.h; path = LoginViewController.h; sourceTree = "<group>"; };
		F36359322435FA6C00182C96 /* LoginViewController.m */ = {isa = PBXFileReference; lastKnownFileType = sourcecode.c.objc; path = LoginViewController.m; sourceTree = "<group>"; };
		F36359332435FA6C00182C96 /* LoginViewController.xib */ = {isa = PBXFileReference; lastKnownFileType = file.xib; path = LoginViewController.xib; sourceTree = "<group>"; };
		F363594A2437493C00182C96 /* SearchItemViewController.h */ = {isa = PBXFileReference; lastKnownFileType = sourcecode.c.h; path = SearchItemViewController.h; sourceTree = "<group>"; };
		F363594B2437493C00182C96 /* SearchItemViewController.m */ = {isa = PBXFileReference; lastKnownFileType = sourcecode.c.objc; path = SearchItemViewController.m; sourceTree = "<group>"; };
		F36359562437661300182C96 /* CreatePasswordViewController.h */ = {isa = PBXFileReference; lastKnownFileType = sourcecode.c.h; path = CreatePasswordViewController.h; sourceTree = "<group>"; };
		F36359572437661300182C96 /* CreatePasswordViewController.m */ = {isa = PBXFileReference; lastKnownFileType = sourcecode.c.objc; path = CreatePasswordViewController.m; sourceTree = "<group>"; };
		F36A88FE24348C520003FF39 /* password_package.app */ = {isa = PBXFileReference; explicitFileType = wrapper.application; includeInIndex = 0; path = password_package.app; sourceTree = BUILT_PRODUCTS_DIR; };
		F36A890124348C520003FF39 /* AppDelegate.h */ = {isa = PBXFileReference; lastKnownFileType = sourcecode.c.h; path = AppDelegate.h; sourceTree = "<group>"; };
		F36A890224348C520003FF39 /* AppDelegate.m */ = {isa = PBXFileReference; lastKnownFileType = sourcecode.c.objc; path = AppDelegate.m; sourceTree = "<group>"; };
		F36A890424348C520003FF39 /* SceneDelegate.h */ = {isa = PBXFileReference; lastKnownFileType = sourcecode.c.h; path = SceneDelegate.h; sourceTree = "<group>"; };
		F36A890524348C520003FF39 /* SceneDelegate.m */ = {isa = PBXFileReference; lastKnownFileType = sourcecode.c.objc; path = SceneDelegate.m; sourceTree = "<group>"; };
		F36A890724348C520003FF39 /* MainViewController.h */ = {isa = PBXFileReference; lastKnownFileType = sourcecode.c.h; path = MainViewController.h; sourceTree = "<group>"; };
		F36A890824348C520003FF39 /* MainViewController.m */ = {isa = PBXFileReference; lastKnownFileType = sourcecode.c.objc; path = MainViewController.m; sourceTree = "<group>"; };
		F36A890B24348C520003FF39 /* Base */ = {isa = PBXFileReference; lastKnownFileType = file.storyboard; name = Base; path = Base.lproj/Main.storyboard; sourceTree = "<group>"; };
		F36A890D24348C550003FF39 /* Assets.xcassets */ = {isa = PBXFileReference; lastKnownFileType = folder.assetcatalog; path = Assets.xcassets; sourceTree = "<group>"; };
		F36A891024348C550003FF39 /* Base */ = {isa = PBXFileReference; lastKnownFileType = file.storyboard; name = Base; path = Base.lproj/LaunchScreen.storyboard; sourceTree = "<group>"; };
		F36A891224348C550003FF39 /* Info.plist */ = {isa = PBXFileReference; lastKnownFileType = text.plist.xml; path = Info.plist; sourceTree = "<group>"; };
		F36A891324348C550003FF39 /* main.m */ = {isa = PBXFileReference; lastKnownFileType = sourcecode.c.objc; path = main.m; sourceTree = "<group>"; };
		F3724ED124349C7A009B054F /* password_package.entitlements */ = {isa = PBXFileReference; lastKnownFileType = text.plist.entitlements; path = password_package.entitlements; sourceTree = "<group>"; };
		F3724ED32434B159009B054F /* PPDataManager.h */ = {isa = PBXFileReference; lastKnownFileType = sourcecode.c.h; path = PPDataManager.h; sourceTree = "<group>"; };
		F3724ED42434B159009B054F /* PPDataManager.m */ = {isa = PBXFileReference; lastKnownFileType = sourcecode.c.objc; path = PPDataManager.m; sourceTree = "<group>"; };
		F3724ED62434B64D009B054F /* Header.pch */ = {isa = PBXFileReference; fileEncoding = 4; lastKnownFileType = sourcecode.c.h; path = Header.pch; sourceTree = "<group>"; };
		F3724ED72434C153009B054F /* login.json */ = {isa = PBXFileReference; fileEncoding = 4; lastKnownFileType = text.json; path = login.json; sourceTree = "<group>"; };
		F37257972434C5AC009B054F /* PPPasswordCreator.h */ = {isa = PBXFileReference; lastKnownFileType = sourcecode.c.h; path = PPPasswordCreator.h; sourceTree = "<group>"; };
		F37257982434C5AC009B054F /* PPPasswordCreator.m */ = {isa = PBXFileReference; lastKnownFileType = sourcecode.c.objc; path = PPPasswordCreator.m; sourceTree = "<group>"; };
		F3725DE9243588DE009B054F /* website */ = {isa = PBXFileReference; lastKnownFileType = folder; path = website; sourceTree = "<group>"; };
		F3725DEF243593A0009B054F /* PPWebsiteModel.h */ = {isa = PBXFileReference; lastKnownFileType = sourcecode.c.h; path = PPWebsiteModel.h; sourceTree = "<group>"; };
		F3725DF0243593A0009B054F /* PPWebsiteModel.m */ = {isa = PBXFileReference; lastKnownFileType = sourcecode.c.objc; path = PPWebsiteModel.m; sourceTree = "<group>"; };
		F37A6F912445CE9E004EDF84 /* ShowWebSiteViewController.h */ = {isa = PBXFileReference; lastKnownFileType = sourcecode.c.h; path = ShowWebSiteViewController.h; sourceTree = "<group>"; };
		F37A6F922445CE9E004EDF84 /* ShowWebSiteViewController.m */ = {isa = PBXFileReference; lastKnownFileType = sourcecode.c.objc; path = ShowWebSiteViewController.m; sourceTree = "<group>"; };
		F37A6F942445E321004EDF84 /* MainTabBarController.h */ = {isa = PBXFileReference; lastKnownFileType = sourcecode.c.h; path = MainTabBarController.h; sourceTree = "<group>"; };
		F37A6F952445E321004EDF84 /* MainTabBarController.m */ = {isa = PBXFileReference; lastKnownFileType = sourcecode.c.objc; path = MainTabBarController.m; sourceTree = "<group>"; };
		F3C7F6AE243B430700F45EBD /* CSYGroupButtonView.h */ = {isa = PBXFileReference; fileEncoding = 4; lastKnownFileType = sourcecode.c.h; path = CSYGroupButtonView.h; sourceTree = "<group>"; };
		F3C7F6AF243B430700F45EBD /* CSYGroupButtonView.m */ = {isa = PBXFileReference; fileEncoding = 4; lastKnownFileType = sourcecode.c.objc; path = CSYGroupButtonView.m; sourceTree = "<group>"; };
		F3C7F6D4243C469000F45EBD /* HWAutoSizeViewController.h */ = {isa = PBXFileReference; fileEncoding = 4; lastKnownFileType = sourcecode.c.h; path = HWAutoSizeViewController.h; sourceTree = "<group>"; };
		F3C7F6D5243C469000F45EBD /* HWTopBarViewController.m */ = {isa = PBXFileReference; fileEncoding = 4; lastKnownFileType = sourcecode.c.objc; path = HWTopBarViewController.m; sourceTree = "<group>"; };
		F3C7F6D6243C469000F45EBD /* HWFullDialogViewController.m */ = {isa = PBXFileReference; fileEncoding = 4; lastKnownFileType = sourcecode.c.objc; path = HWFullDialogViewController.m; sourceTree = "<group>"; };
		F3C7F6D7243C469000F45EBD /* HWNavViewController.m */ = {isa = PBXFileReference; fileEncoding = 4; lastKnownFileType = sourcecode.c.objc; path = HWNavViewController.m; sourceTree = "<group>"; };
		F3C7F6D8243C469000F45EBD /* HWNavStackViewController.m */ = {isa = PBXFileReference; fileEncoding = 4; lastKnownFileType = sourcecode.c.objc; path = HWNavStackViewController.m; sourceTree = "<group>"; };
		F3C7F6D9243C469000F45EBD /* HWBottomAuthViewController.m */ = {isa = PBXFileReference; fileEncoding = 4; lastKnownFileType = sourcecode.c.objc; path = HWBottomAuthViewController.m; sourceTree = "<group>"; };
		F3C7F6DA243C469000F45EBD /* HWCenterViewController.h */ = {isa = PBXFileReference; fileEncoding = 4; lastKnownFileType = sourcecode.c.h; path = HWCenterViewController.h; sourceTree = "<group>"; };
		F3C7F6DB243C469000F45EBD /* HWAutoSizeViewController.m */ = {isa = PBXFileReference; fileEncoding = 4; lastKnownFileType = sourcecode.c.objc; path = HWAutoSizeViewController.m; sourceTree = "<group>"; };
		F3C7F6DC243C469000F45EBD /* HWFullDialogViewController.h */ = {isa = PBXFileReference; fileEncoding = 4; lastKnownFileType = sourcecode.c.h; path = HWFullDialogViewController.h; sourceTree = "<group>"; };
		F3C7F6DD243C469000F45EBD /* HWTopBarViewController.h */ = {isa = PBXFileReference; fileEncoding = 4; lastKnownFileType = sourcecode.c.h; path = HWTopBarViewController.h; sourceTree = "<group>"; };
		F3C7F6DE243C469000F45EBD /* HWBottomAuthViewController.h */ = {isa = PBXFileReference; fileEncoding = 4; lastKnownFileType = sourcecode.c.h; path = HWBottomAuthViewController.h; sourceTree = "<group>"; };
		F3C7F6DF243C469000F45EBD /* HWNavStackViewController.h */ = {isa = PBXFileReference; fileEncoding = 4; lastKnownFileType = sourcecode.c.h; path = HWNavStackViewController.h; sourceTree = "<group>"; };
		F3C7F6E0243C469000F45EBD /* HWNavViewController.h */ = {isa = PBXFileReference; fileEncoding = 4; lastKnownFileType = sourcecode.c.h; path = HWNavViewController.h; sourceTree = "<group>"; };
		F3C7F6E1243C469000F45EBD /* HWCenterViewController.m */ = {isa = PBXFileReference; fileEncoding = 4; lastKnownFileType = sourcecode.c.objc; path = HWCenterViewController.m; sourceTree = "<group>"; };
		F3C7F6EA243C46AA00F45EBD /* HWPickTypeViewController.m */ = {isa = PBXFileReference; fileEncoding = 4; lastKnownFileType = sourcecode.c.objc; path = HWPickTypeViewController.m; sourceTree = "<group>"; };
		F3C7F6EB243C46AA00F45EBD /* HWCatViewController.m */ = {isa = PBXFileReference; fileEncoding = 4; lastKnownFileType = sourcecode.c.objc; path = HWCatViewController.m; sourceTree = "<group>"; };
		F3C7F6EC243C46AA00F45EBD /* HWAnimationConfigListViewController.m */ = {isa = PBXFileReference; fileEncoding = 4; lastKnownFileType = sourcecode.c.objc; path = HWAnimationConfigListViewController.m; sourceTree = "<group>"; };
		F3C7F6ED243C46AA00F45EBD /* HWPickTypeViewController.h */ = {isa = PBXFileReference; fileEncoding = 4; lastKnownFileType = sourcecode.c.h; path = HWPickTypeViewController.h; sourceTree = "<group>"; };
		F3C7F6EE243C46AA00F45EBD /* HWCatViewController.h */ = {isa = PBXFileReference; fileEncoding = 4; lastKnownFileType = sourcecode.c.h; path = HWCatViewController.h; sourceTree = "<group>"; };
		F3C7F6EF243C46AA00F45EBD /* HWAnimationConfigListViewController.h */ = {isa = PBXFileReference; fileEncoding = 4; lastKnownFileType = sourcecode.c.h; path = HWAnimationConfigListViewController.h; sourceTree = "<group>"; };
		F3C9D988243FFB9900BAD7EA /* BankCardViewController.h */ = {isa = PBXFileReference; lastKnownFileType = sourcecode.c.h; path = BankCardViewController.h; sourceTree = "<group>"; };
		F3C9D989243FFB9900BAD7EA /* BankCardViewController.m */ = {isa = PBXFileReference; lastKnownFileType = sourcecode.c.objc; path = BankCardViewController.m; sourceTree = "<group>"; };
		F3C9D98B2440237500BAD7EA /* PPBankCardModel.h */ = {isa = PBXFileReference; lastKnownFileType = sourcecode.c.h; path = PPBankCardModel.h; sourceTree = "<group>"; };
		F3C9D98C2440237500BAD7EA /* PPBankCardModel.m */ = {isa = PBXFileReference; lastKnownFileType = sourcecode.c.objc; path = PPBankCardModel.m; sourceTree = "<group>"; };
		F3C9D98E24404CA300BAD7EA /* BankCardViewCell.h */ = {isa = PBXFileReference; lastKnownFileType = sourcecode.c.h; path = BankCardViewCell.h; sourceTree = "<group>"; };
		F3C9D98F24404CA300BAD7EA /* BankCardViewCell.m */ = {isa = PBXFileReference; lastKnownFileType = sourcecode.c.objc; path = BankCardViewCell.m; sourceTree = "<group>"; };
		F3C9D99024404CA300BAD7EA /* BankCardViewCell.xib */ = {isa = PBXFileReference; lastKnownFileType = file.xib; path = BankCardViewCell.xib; sourceTree = "<group>"; };
		F3D53B5C2440D98100D1B1A3 /* PresentWebsiteViewController.h */ = {isa = PBXFileReference; lastKnownFileType = sourcecode.c.h; path = PresentWebsiteViewController.h; sourceTree = "<group>"; };
		F3D53B5D2440D98100D1B1A3 /* PresentWebsiteViewController.m */ = {isa = PBXFileReference; lastKnownFileType = sourcecode.c.objc; path = PresentWebsiteViewController.m; sourceTree = "<group>"; };
/* End PBXFileReference section */

/* Begin PBXFrameworksBuildPhase section */
		F36A88FB24348C520003FF39 /* Frameworks */ = {
			isa = PBXFrameworksBuildPhase;
			buildActionMask = 2147483647;
			files = (
				D646957927D67AE8C806FD6F /* libPods-password_package.a in Frameworks */,
			);
			runOnlyForDeploymentPostprocessing = 0;
		};
/* End PBXFrameworksBuildPhase section */

/* Begin PBXGroup section */
		553EABF8958A07819B6AFE9A /* Pods */ = {
			isa = PBXGroup;
			children = (
				82E11F506ABBC2510A560921 /* Pods-password_package.debug.xcconfig */,
				66714315A6FA835F3E139AAC /* Pods-password_package.release.xcconfig */,
			);
			path = Pods;
			sourceTree = "<group>";
		};
		71888E6422CCB52593A73A4F /* Frameworks */ = {
			isa = PBXGroup;
			children = (
				0270F482AFFA398E0F140246 /* libPods-password_package.a */,
			);
			name = Frameworks;
			sourceTree = "<group>";
		};
		F3253242243C967300BCEA3E /* Cells */ = {
			isa = PBXGroup;
			children = (
				F3253243243C969800BCEA3E /* SearchItemViewCell.h */,
				F3253244243C969800BCEA3E /* SearchItemViewCell.m */,
				F3253245243C969800BCEA3E /* SearchItemViewCell.xib */,
				F3C9D98E24404CA300BAD7EA /* BankCardViewCell.h */,
				F3C9D98F24404CA300BAD7EA /* BankCardViewCell.m */,
				F3C9D99024404CA300BAD7EA /* BankCardViewCell.xib */,
			);
			path = Cells;
			sourceTree = "<group>";
		};
		F36359142435AF0E00182C96 /* Utils */ = {
			isa = PBXGroup;
			children = (
				F36359152435AF2300182C96 /* Utils.h */,
				F36359162435AF2300182C96 /* Utils.m */,
			);
			path = Utils;
			sourceTree = "<group>";
		};
		F363595224375CEF00182C96 /* Vender */ = {
			isa = PBXGroup;
			children = (
				F3C7F6D3243C469000F45EBD /* PopViewController */,
				F3C7F6E9243C46AA00F45EBD /* AnimationStyle */,
				F3C7F6AE243B430700F45EBD /* CSYGroupButtonView.h */,
				F3C7F6AF243B430700F45EBD /* CSYGroupButtonView.m */,
			);
			path = Vender;
			sourceTree = "<group>";
		};
		F36A88F524348C520003FF39 = {
			isa = PBXGroup;
			children = (
				F36A890024348C520003FF39 /* password_package */,
				F36A88FF24348C520003FF39 /* Products */,
				553EABF8958A07819B6AFE9A /* Pods */,
				71888E6422CCB52593A73A4F /* Frameworks */,
			);
			sourceTree = "<group>";
		};
		F36A88FF24348C520003FF39 /* Products */ = {
			isa = PBXGroup;
			children = (
				F36A88FE24348C520003FF39 /* password_package.app */,
			);
			name = Products;
			sourceTree = "<group>";
		};
		F36A890024348C520003FF39 /* password_package */ = {
			isa = PBXGroup;
			children = (
				F3724ED124349C7A009B054F /* password_package.entitlements */,
				F36A890124348C520003FF39 /* AppDelegate.h */,
				F36A890224348C520003FF39 /* AppDelegate.m */,
				F3724ED62434B64D009B054F /* Header.pch */,
				F36A890424348C520003FF39 /* SceneDelegate.h */,
				F36A890524348C520003FF39 /* SceneDelegate.m */,
				F37257972434C5AC009B054F /* PPPasswordCreator.h */,
				F37257982434C5AC009B054F /* PPPasswordCreator.m */,
				F37A6F942445E321004EDF84 /* MainTabBarController.h */,
				F37A6F952445E321004EDF84 /* MainTabBarController.m */,
				F36A890724348C520003FF39 /* MainViewController.h */,
				F36A890824348C520003FF39 /* MainViewController.m */,
				F37A6F8F2445CE3B004EDF84 /* Site */,
				F37A6F902445CE50004EDF84 /* Bankcard */,
				F325325D243DB88200BCEA3E /* InputCartViewController.h */,
				F325325E243DB88200BCEA3E /* InputCartViewController.m */,
				F36359562437661300182C96 /* CreatePasswordViewController.h */,
				F36359572437661300182C96 /* CreatePasswordViewController.m */,
				F36359312435FA6B00182C96 /* LoginViewController.h */,
				F36359322435FA6C00182C96 /* LoginViewController.m */,
				F36359332435FA6C00182C96 /* LoginViewController.xib */,
				F3253242243C967300BCEA3E /* Cells */,
				F363595224375CEF00182C96 /* Vender */,
				F36359142435AF0E00182C96 /* Utils */,
				F3725DEB24359352009B054F /* Model */,
				F3724ED22434B13A009B054F /* DataManager */,
				F36A890A24348C520003FF39 /* Main.storyboard */,
				F36A890D24348C550003FF39 /* Assets.xcassets */,
				F36A890F24348C550003FF39 /* LaunchScreen.storyboard */,
				F3725DE9243588DE009B054F /* website */,
				F3724ED72434C153009B054F /* login.json */,
				F36A891224348C550003FF39 /* Info.plist */,
				F36A891324348C550003FF39 /* main.m */,
			);
			path = password_package;
			sourceTree = "<group>";
		};
		F3724ED22434B13A009B054F /* DataManager */ = {
			isa = PBXGroup;
			children = (
				F3724ED32434B159009B054F /* PPDataManager.h */,
				F3724ED42434B159009B054F /* PPDataManager.m */,
			);
			path = DataManager;
			sourceTree = "<group>";
		};
		F3725DEB24359352009B054F /* Model */ = {
			isa = PBXGroup;
			children = (
				F3725DEF243593A0009B054F /* PPWebsiteModel.h */,
				F3725DF0243593A0009B054F /* PPWebsiteModel.m */,
				F3C9D98B2440237500BAD7EA /* PPBankCardModel.h */,
				F3C9D98C2440237500BAD7EA /* PPBankCardModel.m */,
			);
			path = Model;
			sourceTree = "<group>";
		};
		F37A6F8F2445CE3B004EDF84 /* Site */ = {
			isa = PBXGroup;
			children = (
				F325325A243DB7DB00BCEA3E /* InputWebsiteViewController.h */,
				F325325B243DB7DB00BCEA3E /* InputWebsiteViewController.m */,
				F3D53B5C2440D98100D1B1A3 /* PresentWebsiteViewController.h */,
				F3D53B5D2440D98100D1B1A3 /* PresentWebsiteViewController.m */,
				F363594A2437493C00182C96 /* SearchItemViewController.h */,
				F363594B2437493C00182C96 /* SearchItemViewController.m */,
				F37A6F912445CE9E004EDF84 /* ShowWebSiteViewController.h */,
				F37A6F922445CE9E004EDF84 /* ShowWebSiteViewController.m */,
			);
			path = Site;
			sourceTree = "<group>";
		};
		F37A6F902445CE50004EDF84 /* Bankcard */ = {
			isa = PBXGroup;
			children = (
				F3C9D988243FFB9900BAD7EA /* BankCardViewController.h */,
				F3C9D989243FFB9900BAD7EA /* BankCardViewController.m */,
			);
			path = Bankcard;
			sourceTree = "<group>";
		};
		F3C7F6D3243C469000F45EBD /* PopViewController */ = {
			isa = PBXGroup;
			children = (
				F3C7F6DD243C469000F45EBD /* HWTopBarViewController.h */,
				F3C7F6D5243C469000F45EBD /* HWTopBarViewController.m */,
				F3C7F6DC243C469000F45EBD /* HWFullDialogViewController.h */,
				F3C7F6D6243C469000F45EBD /* HWFullDialogViewController.m */,
				F3C7F6E0243C469000F45EBD /* HWNavViewController.h */,
				F3C7F6D7243C469000F45EBD /* HWNavViewController.m */,
				F3C7F6DF243C469000F45EBD /* HWNavStackViewController.h */,
				F3C7F6D8243C469000F45EBD /* HWNavStackViewController.m */,
				F3C7F6DA243C469000F45EBD /* HWCenterViewController.h */,
				F3C7F6E1243C469000F45EBD /* HWCenterViewController.m */,
				F3C7F6D4243C469000F45EBD /* HWAutoSizeViewController.h */,
				F3C7F6DB243C469000F45EBD /* HWAutoSizeViewController.m */,
				F3C7F6DE243C469000F45EBD /* HWBottomAuthViewController.h */,
				F3C7F6D9243C469000F45EBD /* HWBottomAuthViewController.m */,
			);
			path = PopViewController;
			sourceTree = "<group>";
		};
		F3C7F6E9243C46AA00F45EBD /* AnimationStyle */ = {
			isa = PBXGroup;
			children = (
				F3C7F6ED243C46AA00F45EBD /* HWPickTypeViewController.h */,
				F3C7F6EA243C46AA00F45EBD /* HWPickTypeViewController.m */,
				F3C7F6EE243C46AA00F45EBD /* HWCatViewController.h */,
				F3C7F6EB243C46AA00F45EBD /* HWCatViewController.m */,
				F3C7F6EF243C46AA00F45EBD /* HWAnimationConfigListViewController.h */,
				F3C7F6EC243C46AA00F45EBD /* HWAnimationConfigListViewController.m */,
			);
			path = AnimationStyle;
			sourceTree = "<group>";
		};
/* End PBXGroup section */

/* Begin PBXNativeTarget section */
		F36A88FD24348C520003FF39 /* password_package */ = {
			isa = PBXNativeTarget;
			buildConfigurationList = F36A891724348C550003FF39 /* Build configuration list for PBXNativeTarget "password_package" */;
			buildPhases = (
				C04D182DB1508AECFF027A87 /* [CP] Check Pods Manifest.lock */,
				F36A88FA24348C520003FF39 /* Sources */,
				F36A88FB24348C520003FF39 /* Frameworks */,
				F36A88FC24348C520003FF39 /* Resources */,
				66E3A649E151788B60CA1DCD /* [CP] Copy Pods Resources */,
			);
			buildRules = (
			);
			dependencies = (
			);
			name = password_package;
			productName = password_package;
			productReference = F36A88FE24348C520003FF39 /* password_package.app */;
			productType = "com.apple.product-type.application";
		};
/* End PBXNativeTarget section */

/* Begin PBXProject section */
		F36A88F624348C520003FF39 /* Project object */ = {
			isa = PBXProject;
			attributes = {
				LastUpgradeCheck = 1130;
				ORGANIZATIONNAME = "Jon Snow";
				TargetAttributes = {
					F36A88FD24348C520003FF39 = {
						CreatedOnToolsVersion = 11.3;
					};
				};
			};
			buildConfigurationList = F36A88F924348C520003FF39 /* Build configuration list for PBXProject "password_package" */;
			compatibilityVersion = "Xcode 9.3";
			developmentRegion = en;
			hasScannedForEncodings = 0;
			knownRegions = (
				en,
				Base,
			);
			mainGroup = F36A88F524348C520003FF39;
			productRefGroup = F36A88FF24348C520003FF39 /* Products */;
			projectDirPath = "";
			projectRoot = "";
			targets = (
				F36A88FD24348C520003FF39 /* password_package */,
			);
		};
/* End PBXProject section */

/* Begin PBXResourcesBuildPhase section */
		F36A88FC24348C520003FF39 /* Resources */ = {
			isa = PBXResourcesBuildPhase;
			buildActionMask = 2147483647;
			files = (
				F36A891124348C550003FF39 /* LaunchScreen.storyboard in Resources */,
				F36A890E24348C550003FF39 /* Assets.xcassets in Resources */,
				F36A890C24348C520003FF39 /* Main.storyboard in Resources */,
				F372533A2434C162009B054F /* login.json in Resources */,
				F36359352435FA6C00182C96 /* LoginViewController.xib in Resources */,
				F3725DEA243588DE009B054F /* website in Resources */,
				F3C9D99224404CA300BAD7EA /* BankCardViewCell.xib in Resources */,
				F3253247243C969800BCEA3E /* SearchItemViewCell.xib in Resources */,
			);
			runOnlyForDeploymentPostprocessing = 0;
		};
/* End PBXResourcesBuildPhase section */

/* Begin PBXShellScriptBuildPhase section */
		66E3A649E151788B60CA1DCD /* [CP] Copy Pods Resources */ = {
			isa = PBXShellScriptBuildPhase;
			buildActionMask = 2147483647;
			files = (
			);
			inputFileListPaths = (
				"${PODS_ROOT}/Target Support Files/Pods-password_package/Pods-password_package-resources-${CONFIGURATION}-input-files.xcfilelist",
			);
			name = "[CP] Copy Pods Resources";
			outputFileListPaths = (
				"${PODS_ROOT}/Target Support Files/Pods-password_package/Pods-password_package-resources-${CONFIGURATION}-output-files.xcfilelist",
			);
			runOnlyForDeploymentPostprocessing = 0;
			shellPath = /bin/sh;
			shellScript = "\"${PODS_ROOT}/Target Support Files/Pods-password_package/Pods-password_package-resources.sh\"\n";
			showEnvVarsInLog = 0;
		};
		C04D182DB1508AECFF027A87 /* [CP] Check Pods Manifest.lock */ = {
			isa = PBXShellScriptBuildPhase;
			buildActionMask = 2147483647;
			files = (
			);
			inputFileListPaths = (
			);
			inputPaths = (
				"${PODS_PODFILE_DIR_PATH}/Podfile.lock",
				"${PODS_ROOT}/Manifest.lock",
			);
			name = "[CP] Check Pods Manifest.lock";
			outputFileListPaths = (
			);
			outputPaths = (
				"$(DERIVED_FILE_DIR)/Pods-password_package-checkManifestLockResult.txt",
			);
			runOnlyForDeploymentPostprocessing = 0;
			shellPath = /bin/sh;
			shellScript = "diff \"${PODS_PODFILE_DIR_PATH}/Podfile.lock\" \"${PODS_ROOT}/Manifest.lock\" > /dev/null\nif [ $? != 0 ] ; then\n    # print error to STDERR\n    echo \"error: The sandbox is not in sync with the Podfile.lock. Run 'pod install' or update your CocoaPods installation.\" >&2\n    exit 1\nfi\n# This output is used by Xcode 'outputs' to avoid re-running this script phase.\necho \"SUCCESS\" > \"${SCRIPT_OUTPUT_FILE_0}\"\n";
			showEnvVarsInLog = 0;
		};
/* End PBXShellScriptBuildPhase section */

/* Begin PBXSourcesBuildPhase section */
		F36A88FA24348C520003FF39 /* Sources */ = {
			isa = PBXSourcesBuildPhase;
			buildActionMask = 2147483647;
			files = (
				F3D53B5E2440D98100D1B1A3 /* PresentWebsiteViewController.m in Sources */,
				F3725DF1243593A0009B054F /* PPWebsiteModel.m in Sources */,
				F3724ED52434B159009B054F /* PPDataManager.m in Sources */,
				F3C9D99124404CA300BAD7EA /* BankCardViewCell.m in Sources */,
				F3C7F6E3243C469000F45EBD /* HWFullDialogViewController.m in Sources */,
				F3C7F6E4243C469000F45EBD /* HWNavViewController.m in Sources */,
				F36A890924348C520003FF39 /* MainViewController.m in Sources */,
				F36359582437661300182C96 /* CreatePasswordViewController.m in Sources */,
				F3C7F6E6243C469000F45EBD /* HWBottomAuthViewController.m in Sources */,
				F363594C2437493C00182C96 /* SearchItemViewController.m in Sources */,
				F3C9D98A243FFB9900BAD7EA /* BankCardViewController.m in Sources */,
				F37A6F932445CE9E004EDF84 /* ShowWebSiteViewController.m in Sources */,
				F3C7F6E5243C469000F45EBD /* HWNavStackViewController.m in Sources */,
				F325325C243DB7DB00BCEA3E /* InputWebsiteViewController.m in Sources */,
				F36359172435AF2300182C96 /* Utils.m in Sources */,
				F3C7F6E2243C469000F45EBD /* HWTopBarViewController.m in Sources */,
				F36A890324348C520003FF39 /* AppDelegate.m in Sources */,
				F325325F243DB88200BCEA3E /* InputCartViewController.m in Sources */,
				F3C7F6F0243C46AA00F45EBD /* HWPickTypeViewController.m in Sources */,
				F3C7F6F1243C46AA00F45EBD /* HWCatViewController.m in Sources */,
				F36359342435FA6C00182C96 /* LoginViewController.m in Sources */,
				F3C7F6B0243B430700F45EBD /* CSYGroupButtonView.m in Sources */,
				F37257992434C5AC009B054F /* PPPasswordCreator.m in Sources */,
				F3C7F6E7243C469000F45EBD /* HWAutoSizeViewController.m in Sources */,
				F36A891424348C550003FF39 /* main.m in Sources */,
				F3C7F6E8243C469000F45EBD /* HWCenterViewController.m in Sources */,
				F3C9D98D2440237500BAD7EA /* PPBankCardModel.m in Sources */,
				F36A890624348C520003FF39 /* SceneDelegate.m in Sources */,
				F3C7F6F2243C46AA00F45EBD /* HWAnimationConfigListViewController.m in Sources */,
				F3253246243C969800BCEA3E /* SearchItemViewCell.m in Sources */,
				F37A6F962445E321004EDF84 /* MainTabBarController.m in Sources */,
			);
			runOnlyForDeploymentPostprocessing = 0;
		};
/* End PBXSourcesBuildPhase section */

/* Begin PBXVariantGroup section */
		F36A890A24348C520003FF39 /* Main.storyboard */ = {
			isa = PBXVariantGroup;
			children = (
				F36A890B24348C520003FF39 /* Base */,
			);
			name = Main.storyboard;
			sourceTree = "<group>";
		};
		F36A890F24348C550003FF39 /* LaunchScreen.storyboard */ = {
			isa = PBXVariantGroup;
			children = (
				F36A891024348C550003FF39 /* Base */,
			);
			name = LaunchScreen.storyboard;
			sourceTree = "<group>";
		};
/* End PBXVariantGroup section */

/* Begin XCBuildConfiguration section */
		F36A891524348C550003FF39 /* Debug */ = {
			isa = XCBuildConfiguration;
			buildSettings = {
				ALWAYS_SEARCH_USER_PATHS = NO;
				CLANG_ANALYZER_NONNULL = YES;
				CLANG_ANALYZER_NUMBER_OBJECT_CONVERSION = YES_AGGRESSIVE;
				CLANG_CXX_LANGUAGE_STANDARD = "gnu++14";
				CLANG_CXX_LIBRARY = "libc++";
				CLANG_ENABLE_MODULES = YES;
				CLANG_ENABLE_OBJC_ARC = YES;
				CLANG_ENABLE_OBJC_WEAK = YES;
				CLANG_WARN_BLOCK_CAPTURE_AUTORELEASING = YES;
				CLANG_WARN_BOOL_CONVERSION = YES;
				CLANG_WARN_COMMA = YES;
				CLANG_WARN_CONSTANT_CONVERSION = YES;
				CLANG_WARN_DEPRECATED_OBJC_IMPLEMENTATIONS = YES;
				CLANG_WARN_DIRECT_OBJC_ISA_USAGE = YES_ERROR;
				CLANG_WARN_DOCUMENTATION_COMMENTS = YES;
				CLANG_WARN_EMPTY_BODY = YES;
				CLANG_WARN_ENUM_CONVERSION = YES;
				CLANG_WARN_INFINITE_RECURSION = YES;
				CLANG_WARN_INT_CONVERSION = YES;
				CLANG_WARN_NON_LITERAL_NULL_CONVERSION = YES;
				CLANG_WARN_OBJC_IMPLICIT_RETAIN_SELF = YES;
				CLANG_WARN_OBJC_LITERAL_CONVERSION = YES;
				CLANG_WARN_OBJC_ROOT_CLASS = YES_ERROR;
				CLANG_WARN_RANGE_LOOP_ANALYSIS = YES;
				CLANG_WARN_STRICT_PROTOTYPES = YES;
				CLANG_WARN_SUSPICIOUS_MOVE = YES;
				CLANG_WARN_UNGUARDED_AVAILABILITY = YES_AGGRESSIVE;
				CLANG_WARN_UNREACHABLE_CODE = YES;
				CLANG_WARN__DUPLICATE_METHOD_MATCH = YES;
				COPY_PHASE_STRIP = NO;
				DEBUG_INFORMATION_FORMAT = dwarf;
				ENABLE_STRICT_OBJC_MSGSEND = YES;
				ENABLE_TESTABILITY = YES;
				GCC_C_LANGUAGE_STANDARD = gnu11;
				GCC_DYNAMIC_NO_PIC = NO;
				GCC_NO_COMMON_BLOCKS = YES;
				GCC_OPTIMIZATION_LEVEL = 0;
				GCC_PREPROCESSOR_DEFINITIONS = (
					"DEBUG=1",
					"$(inherited)",
				);
				GCC_WARN_64_TO_32_BIT_CONVERSION = YES;
				GCC_WARN_ABOUT_RETURN_TYPE = YES_ERROR;
				GCC_WARN_UNDECLARED_SELECTOR = YES;
				GCC_WARN_UNINITIALIZED_AUTOS = YES_AGGRESSIVE;
				GCC_WARN_UNUSED_FUNCTION = YES;
				GCC_WARN_UNUSED_VARIABLE = YES;
				IPHONEOS_DEPLOYMENT_TARGET = 13.2;
				MTL_ENABLE_DEBUG_INFO = INCLUDE_SOURCE;
				MTL_FAST_MATH = YES;
				ONLY_ACTIVE_ARCH = YES;
				SDKROOT = iphoneos;
			};
			name = Debug;
		};
		F36A891624348C550003FF39 /* Release */ = {
			isa = XCBuildConfiguration;
			buildSettings = {
				ALWAYS_SEARCH_USER_PATHS = NO;
				CLANG_ANALYZER_NONNULL = YES;
				CLANG_ANALYZER_NUMBER_OBJECT_CONVERSION = YES_AGGRESSIVE;
				CLANG_CXX_LANGUAGE_STANDARD = "gnu++14";
				CLANG_CXX_LIBRARY = "libc++";
				CLANG_ENABLE_MODULES = YES;
				CLANG_ENABLE_OBJC_ARC = YES;
				CLANG_ENABLE_OBJC_WEAK = YES;
				CLANG_WARN_BLOCK_CAPTURE_AUTORELEASING = YES;
				CLANG_WARN_BOOL_CONVERSION = YES;
				CLANG_WARN_COMMA = YES;
				CLANG_WARN_CONSTANT_CONVERSION = YES;
				CLANG_WARN_DEPRECATED_OBJC_IMPLEMENTATIONS = YES;
				CLANG_WARN_DIRECT_OBJC_ISA_USAGE = YES_ERROR;
				CLANG_WARN_DOCUMENTATION_COMMENTS = YES;
				CLANG_WARN_EMPTY_BODY = YES;
				CLANG_WARN_ENUM_CONVERSION = YES;
				CLANG_WARN_INFINITE_RECURSION = YES;
				CLANG_WARN_INT_CONVERSION = YES;
				CLANG_WARN_NON_LITERAL_NULL_CONVERSION = YES;
				CLANG_WARN_OBJC_IMPLICIT_RETAIN_SELF = YES;
				CLANG_WARN_OBJC_LITERAL_CONVERSION = YES;
				CLANG_WARN_OBJC_ROOT_CLASS = YES_ERROR;
				CLANG_WARN_RANGE_LOOP_ANALYSIS = YES;
				CLANG_WARN_STRICT_PROTOTYPES = YES;
				CLANG_WARN_SUSPICIOUS_MOVE = YES;
				CLANG_WARN_UNGUARDED_AVAILABILITY = YES_AGGRESSIVE;
				CLANG_WARN_UNREACHABLE_CODE = YES;
				CLANG_WARN__DUPLICATE_METHOD_MATCH = YES;
				COPY_PHASE_STRIP = NO;
				DEBUG_INFORMATION_FORMAT = "dwarf-with-dsym";
				ENABLE_NS_ASSERTIONS = NO;
				ENABLE_STRICT_OBJC_MSGSEND = YES;
				GCC_C_LANGUAGE_STANDARD = gnu11;
				GCC_NO_COMMON_BLOCKS = YES;
				GCC_WARN_64_TO_32_BIT_CONVERSION = YES;
				GCC_WARN_ABOUT_RETURN_TYPE = YES_ERROR;
				GCC_WARN_UNDECLARED_SELECTOR = YES;
				GCC_WARN_UNINITIALIZED_AUTOS = YES_AGGRESSIVE;
				GCC_WARN_UNUSED_FUNCTION = YES;
				GCC_WARN_UNUSED_VARIABLE = YES;
				IPHONEOS_DEPLOYMENT_TARGET = 13.2;
				MTL_ENABLE_DEBUG_INFO = NO;
				MTL_FAST_MATH = YES;
				SDKROOT = iphoneos;
				VALIDATE_PRODUCT = YES;
			};
			name = Release;
		};
		F36A891824348C550003FF39 /* Debug */ = {
			isa = XCBuildConfiguration;
			baseConfigurationReference = 82E11F506ABBC2510A560921 /* Pods-password_package.debug.xcconfig */;
			buildSettings = {
				ASSETCATALOG_COMPILER_APPICON_NAME = AppIcon;
				CODE_SIGN_ENTITLEMENTS = password_package/password_package.entitlements;
				CODE_SIGN_IDENTITY = "iPhone Developer";
				CODE_SIGN_STYLE = Manual;
				DEVELOPMENT_TEAM = B322RG9L6H;
				GCC_PRECOMPILE_PREFIX_HEADER = YES;
				GCC_PREFIX_HEADER = "$(SRCROOT)/password_package/Header.pch";
				INFOPLIST_FILE = password_package/Info.plist;
				IPHONEOS_DEPLOYMENT_TARGET = 11.0;
				LD_RUNPATH_SEARCH_PATHS = (
					"$(inherited)",
					"@executable_path/Frameworks",
				);
				PRODUCT_BUNDLE_IDENTIFIER = com.xi.passwordpackage;
				PRODUCT_NAME = "$(TARGET_NAME)";
				PROVISIONING_PROFILE_SPECIFIER = PasswordPackage_dev;
				SWIFT_INSTALL_OBJC_HEADER = NO;
				SWIFT_OBJC_BRIDGING_HEADER = "";
				SWIFT_OBJC_INTERFACE_HEADER_NAME = "";
				SWIFT_VERSION = 4.0;
				TARGETED_DEVICE_FAMILY = "1,2";
			};
			name = Debug;
		};
		F36A891924348C550003FF39 /* Release */ = {
			isa = XCBuildConfiguration;
			baseConfigurationReference = 66714315A6FA835F3E139AAC /* Pods-password_package.release.xcconfig */;
			buildSettings = {
				ASSETCATALOG_COMPILER_APPICON_NAME = AppIcon;
				CODE_SIGN_ENTITLEMENTS = password_package/password_package.entitlements;
				CODE_SIGN_IDENTITY = "iPhone Developer";
				CODE_SIGN_STYLE = Manual;
				DEVELOPMENT_TEAM = B322RG9L6H;
				GCC_PRECOMPILE_PREFIX_HEADER = YES;
				GCC_PREFIX_HEADER = "$(SRCROOT)/password_package/Header.pch";
				INFOPLIST_FILE = password_package/Info.plist;
				IPHONEOS_DEPLOYMENT_TARGET = 11.0;
				LD_RUNPATH_SEARCH_PATHS = (
					"$(inherited)",
					"@executable_path/Frameworks",
				);
				PRODUCT_BUNDLE_IDENTIFIER = com.xi.passwordpackage;
				PRODUCT_NAME = "$(TARGET_NAME)";
				PROVISIONING_PROFILE_SPECIFIER = PasswordPackage_dev;
				SWIFT_INSTALL_OBJC_HEADER = NO;
				SWIFT_OBJC_BRIDGING_HEADER = "";
				SWIFT_OBJC_INTERFACE_HEADER_NAME = "";
				SWIFT_VERSION = 4.0;
				TARGETED_DEVICE_FAMILY = "1,2";
			};
			name = Release;
		};
/* End XCBuildConfiguration section */

/* Begin XCConfigurationList section */
		F36A88F924348C520003FF39 /* Build configuration list for PBXProject "password_package" */ = {
			isa = XCConfigurationList;
			buildConfigurations = (
				F36A891524348C550003FF39 /* Debug */,
				F36A891624348C550003FF39 /* Release */,
			);
			defaultConfigurationIsVisible = 0;
			defaultConfigurationName = Release;
		};
		F36A891724348C550003FF39 /* Build configuration list for PBXNativeTarget "password_package" */ = {
			isa = XCConfigurationList;
			buildConfigurations = (
				F36A891824348C550003FF39 /* Debug */,
				F36A891924348C550003FF39 /* Release */,
			);
			defaultConfigurationIsVisible = 0;
			defaultConfigurationName = Release;
		};
/* End XCConfigurationList section */
	};
	rootObject = F36A88F624348C520003FF39 /* Project object */;
}
